
Microsoft Visual Studio Solution File, Format Version 12.00
# Visual Studio Version 17
VisualStudioVersion = 17.14.36327.8 d17.14
MinimumVisualStudioVersion = 10.0.40219.1
Project("{FAE04EC0-301F-11D3-BF4B-00C04F79EFBC}") = "BakerCommerce", "BakerCommerce\BakerCommerce.csproj", "{49E069E6-AB50-4980-8CF4-A5E4B0FE2518}"
EndProject
Global
	GlobalSection(SolutionConfigurationPlatforms) = preSolution
		Debug|Any CPU = Debug|Any CPU
		Release|Any CPU = Release|Any CPU
	EndGlobalSection
	GlobalSection(ProjectConfigurationPlatforms) = postSolution
		{49E069E6-AB50-4980-8CF4-A5E4B0FE2518}.Debug|Any CPU.ActiveCfg = Debug|Any CPU
		{49E069E6-AB50-4980-8CF4-A5E4B0FE2518}.Debug|Any CPU.Build.0 = Debug|Any CPU
		{49E069E6-AB50-4980-8CF4-A5E4B0FE2518}.Release|Any CPU.ActiveCfg = Release|Any CPU
		{49E069E6-AB50-4980-8CF4-A5E4B0FE2518}.Release|Any CPU.Build.0 = Release|Any CPU
	EndGlobalSection
	GlobalSection(SolutionProperties) = preSolution
		HideSolutionNode = FALSE
	EndGlobalSection
	GlobalSection(ExtensibilityGlobals) = postSolution
		SolutionGuid = {BC3C97A7-BC2A-49B2-AFC6-D91E1112B0DA}
	EndGlobalSection
EndGlobal
